// !$*UTF8*$!
{
	archiveVersion = 1;
	classes = {
	};
	objectVersion = 46;
	objects = {

/* Begin PBXBuildFile section */
		6E3D374C1BEA708B00A6F561 /* Sprite.cpp in Sources */ = {isa = PBXBuildFile; fileRef = 6E3D374A1BEA708B00A6F561 /* Sprite.cpp */; };
		6E3D374F1BEA70A300A6F561 /* GameObject.cpp in Sources */ = {isa = PBXBuildFile; fileRef = 6E3D374D1BEA70A300A6F561 /* GameObject.cpp */; };
		6E3D37521BEA70B000A6F561 /* Entity.cpp in Sources */ = {isa = PBXBuildFile; fileRef = 6E3D37501BEA70B000A6F561 /* Entity.cpp */; };
		6E3D37551BEA70C800A6F561 /* Player.cpp in Sources */ = {isa = PBXBuildFile; fileRef = 6E3D37531BEA70C800A6F561 /* Player.cpp */; };
		6E3D37581BEA70D600A6F561 /* Pickup.cpp in Sources */ = {isa = PBXBuildFile; fileRef = 6E3D37561BEA70D600A6F561 /* Pickup.cpp */; };
		6E3D375B1BEA70E400A6F561 /* Enemy.cpp in Sources */ = {isa = PBXBuildFile; fileRef = 6E3D37591BEA70E400A6F561 /* Enemy.cpp */; };
		6E3D375E1BEA70F000A6F561 /* Projectile.cpp in Sources */ = {isa = PBXBuildFile; fileRef = 6E3D375C1BEA70F000A6F561 /* Projectile.cpp */; };
		6E3D37661BEB81AA00A6F561 /* Tile.cpp in Sources */ = {isa = PBXBuildFile; fileRef = 6E3D37641BEB81AA00A6F561 /* Tile.cpp */; };
		6E3D37691BEB81BD00A6F561 /* Weapon.cpp in Sources */ = {isa = PBXBuildFile; fileRef = 6E3D37671BEB81BD00A6F561 /* Weapon.cpp */; };
		6E3D376D1BEBA67600A6F561 /* Platform.cpp in Sources */ = {isa = PBXBuildFile; fileRef = 6E3D376B1BEBA67600A6F561 /* Platform.cpp */; };
		6E3D37711BED7CF800A6F561 /* Fire.cpp in Sources */ = {isa = PBXBuildFile; fileRef = 6E3D376F1BED7CF800A6F561 /* Fire.cpp */; };
		6E92F4711C050656000104FB /* BulletType.cpp in Sources */ = {isa = PBXBuildFile; fileRef = 6E92F46F1C050656000104FB /* BulletType.cpp */; };
		6E92F4741C050670000104FB /* Pistol.cpp in Sources */ = {isa = PBXBuildFile; fileRef = 6E92F4721C050670000104FB /* Pistol.cpp */; };
		6E92F4771C050687000104FB /* Shotgun.cpp in Sources */ = {isa = PBXBuildFile; fileRef = 6E92F4751C050687000104FB /* Shotgun.cpp */; };
		6E92F47A1C0506BB000104FB /* ExplosiveType.cpp in Sources */ = {isa = PBXBuildFile; fileRef = 6E92F4781C0506BB000104FB /* ExplosiveType.cpp */; };
		6E92F47D1C0506E6000104FB /* Rocket.cpp in Sources */ = {isa = PBXBuildFile; fileRef = 6E92F47B1C0506E6000104FB /* Rocket.cpp */; };
		6E92F4831C0507D7000104FB /* Bullet.cpp in Sources */ = {isa = PBXBuildFile; fileRef = 6E92F4811C0507D7000104FB /* Bullet.cpp */; };
		6E92F4861C0507F2000104FB /* Explosive.cpp in Sources */ = {isa = PBXBuildFile; fileRef = 6E92F4841C0507F2000104FB /* Explosive.cpp */; };
		6E92F4891C050805000104FB /* Laser.cpp in Sources */ = {isa = PBXBuildFile; fileRef = 6E92F4871C050805000104FB /* Laser.cpp */; };
		6EAA7F2E1C0B8866000A870B /* Drone.cpp in Sources */ = {isa = PBXBuildFile; fileRef = 6EAA7F2C1C0B8866000A870B /* Drone.cpp */; };
		6EAA7F311C0B887A000A870B /* Tank.cpp in Sources */ = {isa = PBXBuildFile; fileRef = 6EAA7F2F1C0B887A000A870B /* Tank.cpp */; };
		6EAA7F351C0CB90D000A870B /* Button.cpp in Sources */ = {isa = PBXBuildFile; fileRef = 6EAA7F331C0CB90D000A870B /* Button.cpp */; };
		6ECCBA9A1C08868A0012AA69 /* MachineGun.cpp in Sources */ = {isa = PBXBuildFile; fileRef = 6ECCBA981C08868A0012AA69 /* MachineGun.cpp */; };
		6EE40EF01BF8BB6700DE5FD7 /* Level.cpp in Sources */ = {isa = PBXBuildFile; fileRef = 6EE40EEE1BF8BB6700DE5FD7 /* Level.cpp */; };
		E4328149138ABC9F0047C5CB /* openFrameworksDebug.a in Frameworks */ = {isa = PBXBuildFile; fileRef = E4328148138ABC890047C5CB /* openFrameworksDebug.a */; };
		E4B69E200A3A1BDC003C02F2 /* main.cpp in Sources */ = {isa = PBXBuildFile; fileRef = E4B69E1D0A3A1BDC003C02F2 /* main.cpp */; };
		E4B69E210A3A1BDC003C02F2 /* ofApp.cpp in Sources */ = {isa = PBXBuildFile; fileRef = E4B69E1E0A3A1BDC003C02F2 /* ofApp.cpp */; };
/* End PBXBuildFile section */

/* Begin PBXContainerItemProxy section */
		E4328147138ABC890047C5CB /* PBXContainerItemProxy */ = {
			isa = PBXContainerItemProxy;
			containerPortal = E4328143138ABC890047C5CB /* openFrameworksLib.xcodeproj */;
			proxyType = 2;
			remoteGlobalIDString = E4B27C1510CBEB8E00536013;
			remoteInfo = openFrameworks;
		};
		E4EEB9AB138B136A00A80321 /* PBXContainerItemProxy */ = {
			isa = PBXContainerItemProxy;
			containerPortal = E4328143138ABC890047C5CB /* openFrameworksLib.xcodeproj */;
			proxyType = 1;
			remoteGlobalIDString = E4B27C1410CBEB8E00536013;
			remoteInfo = openFrameworks;
		};
/* End PBXContainerItemProxy section */

/* Begin PBXCopyFilesBuildPhase section */
		E4C2427710CC5ABF004149E2 /* CopyFiles */ = {
			isa = PBXCopyFilesBuildPhase;
			buildActionMask = 2147483647;
			dstPath = "";
			dstSubfolderSpec = 10;
			files = (
			);
			runOnlyForDeploymentPostprocessing = 0;
		};
/* End PBXCopyFilesBuildPhase section */

/* Begin PBXFileReference section */
		6E3D374A1BEA708B00A6F561 /* Sprite.cpp */ = {isa = PBXFileReference; fileEncoding = 4; lastKnownFileType = sourcecode.cpp.cpp; name = Sprite.cpp; path = Sprite/Sprite.cpp; sourceTree = "<group>"; };
		6E3D374B1BEA708B00A6F561 /* Sprite.h */ = {isa = PBXFileReference; fileEncoding = 4; lastKnownFileType = sourcecode.c.h; name = Sprite.h; path = Sprite/Sprite.h; sourceTree = "<group>"; };
		6E3D374D1BEA70A300A6F561 /* GameObject.cpp */ = {isa = PBXFileReference; fileEncoding = 4; lastKnownFileType = sourcecode.cpp.cpp; name = GameObject.cpp; path = GameObject/GameObject.cpp; sourceTree = "<group>"; };
		6E3D374E1BEA70A300A6F561 /* GameObject.h */ = {isa = PBXFileReference; fileEncoding = 4; lastKnownFileType = sourcecode.c.h; name = GameObject.h; path = GameObject/GameObject.h; sourceTree = "<group>"; };
		6E3D37501BEA70B000A6F561 /* Entity.cpp */ = {isa = PBXFileReference; fileEncoding = 4; lastKnownFileType = sourcecode.cpp.cpp; name = Entity.cpp; path = GameObject/Entity/Entity.cpp; sourceTree = "<group>"; };
		6E3D37511BEA70B000A6F561 /* Entity.h */ = {isa = PBXFileReference; fileEncoding = 4; lastKnownFileType = sourcecode.c.h; name = Entity.h; path = GameObject/Entity/Entity.h; sourceTree = "<group>"; };
		6E3D37531BEA70C800A6F561 /* Player.cpp */ = {isa = PBXFileReference; fileEncoding = 4; lastKnownFileType = sourcecode.cpp.cpp; name = Player.cpp; path = GameObject/Entity/Player/Player.cpp; sourceTree = "<group>"; };
		6E3D37541BEA70C800A6F561 /* Player.h */ = {isa = PBXFileReference; fileEncoding = 4; lastKnownFileType = sourcecode.c.h; name = Player.h; path = GameObject/Entity/Player/Player.h; sourceTree = "<group>"; };
		6E3D37561BEA70D600A6F561 /* Pickup.cpp */ = {isa = PBXFileReference; fileEncoding = 4; lastKnownFileType = sourcecode.cpp.cpp; name = Pickup.cpp; path = GameObject/Entity/Pickup/Pickup.cpp; sourceTree = "<group>"; };
		6E3D37571BEA70D600A6F561 /* Pickup.h */ = {isa = PBXFileReference; fileEncoding = 4; lastKnownFileType = sourcecode.c.h; name = Pickup.h; path = GameObject/Entity/Pickup/Pickup.h; sourceTree = "<group>"; };
		6E3D37591BEA70E400A6F561 /* Enemy.cpp */ = {isa = PBXFileReference; fileEncoding = 4; lastKnownFileType = sourcecode.cpp.cpp; name = Enemy.cpp; path = GameObject/Entity/Enemy/Enemy.cpp; sourceTree = "<group>"; };
		6E3D375A1BEA70E400A6F561 /* Enemy.h */ = {isa = PBXFileReference; fileEncoding = 4; lastKnownFileType = sourcecode.c.h; name = Enemy.h; path = GameObject/Entity/Enemy/Enemy.h; sourceTree = "<group>"; };
		6E3D375C1BEA70F000A6F561 /* Projectile.cpp */ = {isa = PBXFileReference; fileEncoding = 4; lastKnownFileType = sourcecode.cpp.cpp; name = Projectile.cpp; path = GameObject/Entity/Projectile/Projectile.cpp; sourceTree = "<group>"; };
		6E3D375D1BEA70F000A6F561 /* Projectile.h */ = {isa = PBXFileReference; fileEncoding = 4; lastKnownFileType = sourcecode.c.h; name = Projectile.h; path = GameObject/Entity/Projectile/Projectile.h; sourceTree = "<group>"; };
		6E3D37641BEB81AA00A6F561 /* Tile.cpp */ = {isa = PBXFileReference; fileEncoding = 4; lastKnownFileType = sourcecode.cpp.cpp; name = Tile.cpp; path = GameObject/Tile/Tile.cpp; sourceTree = "<group>"; };
		6E3D37651BEB81AA00A6F561 /* Tile.h */ = {isa = PBXFileReference; fileEncoding = 4; lastKnownFileType = sourcecode.c.h; name = Tile.h; path = GameObject/Tile/Tile.h; sourceTree = "<group>"; };
		6E3D37671BEB81BD00A6F561 /* Weapon.cpp */ = {isa = PBXFileReference; fileEncoding = 4; lastKnownFileType = sourcecode.cpp.cpp; name = Weapon.cpp; path = GameObject/Weapon/Weapon.cpp; sourceTree = "<group>"; };
		6E3D37681BEB81BD00A6F561 /* Weapon.h */ = {isa = PBXFileReference; fileEncoding = 4; lastKnownFileType = sourcecode.c.h; name = Weapon.h; path = GameObject/Weapon/Weapon.h; sourceTree = "<group>"; };
		6E3D376B1BEBA67600A6F561 /* Platform.cpp */ = {isa = PBXFileReference; fileEncoding = 4; lastKnownFileType = sourcecode.cpp.cpp; name = Platform.cpp; path = GameObject/Tile/Platform/Platform.cpp; sourceTree = "<group>"; };
		6E3D376C1BEBA67600A6F561 /* Platform.h */ = {isa = PBXFileReference; fileEncoding = 4; lastKnownFileType = sourcecode.c.h; name = Platform.h; path = GameObject/Tile/Platform/Platform.h; sourceTree = "<group>"; };
		6E3D376F1BED7CF800A6F561 /* Fire.cpp */ = {isa = PBXFileReference; fileEncoding = 4; lastKnownFileType = sourcecode.cpp.cpp; name = Fire.cpp; path = "../../../../../../c++/openFrameworks/apps/myApps/UltraCrateBox/src/GameObject/Tile/Fire/Fire.cpp"; sourceTree = "<group>"; };
		6E3D37701BED7CF800A6F561 /* Fire.h */ = {isa = PBXFileReference; fileEncoding = 4; lastKnownFileType = sourcecode.c.h; name = Fire.h; path = "../../../../../../c++/openFrameworks/apps/myApps/UltraCrateBox/src/GameObject/Tile/Fire/Fire.h"; sourceTree = "<group>"; };
		6E92F46F1C050656000104FB /* BulletType.cpp */ = {isa = PBXFileReference; fileEncoding = 4; lastKnownFileType = sourcecode.cpp.cpp; name = BulletType.cpp; path = GameObject/Weapon/BulletType/BulletType.cpp; sourceTree = "<group>"; };
		6E92F4701C050656000104FB /* BulletType.h */ = {isa = PBXFileReference; fileEncoding = 4; lastKnownFileType = sourcecode.c.h; name = BulletType.h; path = GameObject/Weapon/BulletType/BulletType.h; sourceTree = "<group>"; };
		6E92F4721C050670000104FB /* Pistol.cpp */ = {isa = PBXFileReference; fileEncoding = 4; lastKnownFileType = sourcecode.cpp.cpp; name = Pistol.cpp; path = GameObject/Weapon/BulletType/Pistol/Pistol.cpp; sourceTree = "<group>"; };
		6E92F4731C050670000104FB /* Pistol.h */ = {isa = PBXFileReference; fileEncoding = 4; lastKnownFileType = sourcecode.c.h; name = Pistol.h; path = GameObject/Weapon/BulletType/Pistol/Pistol.h; sourceTree = "<group>"; };
		6E92F4751C050687000104FB /* Shotgun.cpp */ = {isa = PBXFileReference; fileEncoding = 4; lastKnownFileType = sourcecode.cpp.cpp; name = Shotgun.cpp; path = GameObject/Weapon/BulletType/Shotgun/Shotgun.cpp; sourceTree = "<group>"; };
		6E92F4761C050687000104FB /* Shotgun.h */ = {isa = PBXFileReference; fileEncoding = 4; lastKnownFileType = sourcecode.c.h; name = Shotgun.h; path = GameObject/Weapon/BulletType/Shotgun/Shotgun.h; sourceTree = "<group>"; };
		6E92F4781C0506BB000104FB /* ExplosiveType.cpp */ = {isa = PBXFileReference; fileEncoding = 4; lastKnownFileType = sourcecode.cpp.cpp; name = ExplosiveType.cpp; path = GameObject/Weapon/ExplosiveType/ExplosiveType.cpp; sourceTree = "<group>"; };
		6E92F4791C0506BB000104FB /* ExplosiveType.h */ = {isa = PBXFileReference; fileEncoding = 4; lastKnownFileType = sourcecode.c.h; name = ExplosiveType.h; path = GameObject/Weapon/ExplosiveType/ExplosiveType.h; sourceTree = "<group>"; };
		6E92F47B1C0506E6000104FB /* Rocket.cpp */ = {isa = PBXFileReference; fileEncoding = 4; lastKnownFileType = sourcecode.cpp.cpp; name = Rocket.cpp; path = GameObject/Weapon/ExplosiveType/Rocket/Rocket.cpp; sourceTree = "<group>"; };
		6E92F47C1C0506E6000104FB /* Rocket.h */ = {isa = PBXFileReference; fileEncoding = 4; lastKnownFileType = sourcecode.c.h; name = Rocket.h; path = GameObject/Weapon/ExplosiveType/Rocket/Rocket.h; sourceTree = "<group>"; };
		6E92F4811C0507D7000104FB /* Bullet.cpp */ = {isa = PBXFileReference; fileEncoding = 4; lastKnownFileType = sourcecode.cpp.cpp; name = Bullet.cpp; path = GameObject/Entity/Projectile/Bullet/Bullet.cpp; sourceTree = "<group>"; };
		6E92F4821C0507D7000104FB /* Bullet.h */ = {isa = PBXFileReference; fileEncoding = 4; lastKnownFileType = sourcecode.c.h; name = Bullet.h; path = GameObject/Entity/Projectile/Bullet/Bullet.h; sourceTree = "<group>"; };
		6E92F4841C0507F2000104FB /* Explosive.cpp */ = {isa = PBXFileReference; fileEncoding = 4; lastKnownFileType = sourcecode.cpp.cpp; name = Explosive.cpp; path = GameObject/Entity/Projectile/Explosive/Explosive.cpp; sourceTree = "<group>"; };
		6E92F4851C0507F2000104FB /* Explosive.h */ = {isa = PBXFileReference; fileEncoding = 4; lastKnownFileType = sourcecode.c.h; name = Explosive.h; path = GameObject/Entity/Projectile/Explosive/Explosive.h; sourceTree = "<group>"; };
		6E92F4871C050805000104FB /* Laser.cpp */ = {isa = PBXFileReference; fileEncoding = 4; lastKnownFileType = sourcecode.cpp.cpp; name = Laser.cpp; path = GameObject/Entity/Projectile/Laser/Laser.cpp; sourceTree = "<group>"; };
		6E92F4881C050805000104FB /* Laser.h */ = {isa = PBXFileReference; fileEncoding = 4; lastKnownFileType = sourcecode.c.h; name = Laser.h; path = GameObject/Entity/Projectile/Laser/Laser.h; sourceTree = "<group>"; };
		6EAA7F2C1C0B8866000A870B /* Drone.cpp */ = {isa = PBXFileReference; fileEncoding = 4; lastKnownFileType = sourcecode.cpp.cpp; name = Drone.cpp; path = GameObject/Entity/Enemy/Drone/Drone.cpp; sourceTree = "<group>"; };
		6EAA7F2D1C0B8866000A870B /* Drone.h */ = {isa = PBXFileReference; fileEncoding = 4; lastKnownFileType = sourcecode.c.h; name = Drone.h; path = GameObject/Entity/Enemy/Drone/Drone.h; sourceTree = "<group>"; };
		6EAA7F2F1C0B887A000A870B /* Tank.cpp */ = {isa = PBXFileReference; fileEncoding = 4; lastKnownFileType = sourcecode.cpp.cpp; name = Tank.cpp; path = GameObject/Entity/Enemy/Tank/Tank.cpp; sourceTree = "<group>"; };
		6EAA7F301C0B887A000A870B /* Tank.h */ = {isa = PBXFileReference; fileEncoding = 4; lastKnownFileType = sourcecode.c.h; name = Tank.h; path = GameObject/Entity/Enemy/Tank/Tank.h; sourceTree = "<group>"; };
		6EAA7F331C0CB90D000A870B /* Button.cpp */ = {isa = PBXFileReference; fileEncoding = 4; lastKnownFileType = sourcecode.cpp.cpp; name = Button.cpp; path = Button/Button.cpp; sourceTree = "<group>"; };
		6EAA7F341C0CB90D000A870B /* Button.h */ = {isa = PBXFileReference; fileEncoding = 4; lastKnownFileType = sourcecode.c.h; name = Button.h; path = Button/Button.h; sourceTree = "<group>"; };
		6ECCBA981C08868A0012AA69 /* MachineGun.cpp */ = {isa = PBXFileReference; fileEncoding = 4; lastKnownFileType = sourcecode.cpp.cpp; name = MachineGun.cpp; path = GameObject/Weapon/BulletType/MachineGun/MachineGun.cpp; sourceTree = "<group>"; };
		6ECCBA991C08868A0012AA69 /* MachineGun.h */ = {isa = PBXFileReference; fileEncoding = 4; lastKnownFileType = sourcecode.c.h; name = MachineGun.h; path = GameObject/Weapon/BulletType/MachineGun/MachineGun.h; sourceTree = "<group>"; };
		6EE40EEE1BF8BB6700DE5FD7 /* Level.cpp */ = {isa = PBXFileReference; fileEncoding = 4; lastKnownFileType = sourcecode.cpp.cpp; name = Level.cpp; path = Level/Level.cpp; sourceTree = "<group>"; };
		6EE40EEF1BF8BB6700DE5FD7 /* Level.h */ = {isa = PBXFileReference; fileEncoding = 4; lastKnownFileType = sourcecode.c.h; name = Level.h; path = Level/Level.h; sourceTree = "<group>"; };
		E4328143138ABC890047C5CB /* openFrameworksLib.xcodeproj */ = {isa = PBXFileReference; lastKnownFileType = "wrapper.pb-project"; name = openFrameworksLib.xcodeproj; path = ../../../libs/openFrameworksCompiled/project/osx/openFrameworksLib.xcodeproj; sourceTree = SOURCE_ROOT; };
		E4B69B5B0A3A1756003C02F2 /* UltraCrateBoxDebug.app */ = {isa = PBXFileReference; explicitFileType = wrapper.application; includeInIndex = 0; path = UltraCrateBoxDebug.app; sourceTree = BUILT_PRODUCTS_DIR; };
		E4B69E1D0A3A1BDC003C02F2 /* main.cpp */ = {isa = PBXFileReference; fileEncoding = 30; lastKnownFileType = sourcecode.cpp.cpp; name = main.cpp; path = src/main.cpp; sourceTree = SOURCE_ROOT; };
		E4B69E1E0A3A1BDC003C02F2 /* ofApp.cpp */ = {isa = PBXFileReference; explicitFileType = sourcecode.cpp.cpp; fileEncoding = 30; name = ofApp.cpp; path = src/ofApp.cpp; sourceTree = SOURCE_ROOT; };
		E4B69E1F0A3A1BDC003C02F2 /* ofApp.h */ = {isa = PBXFileReference; fileEncoding = 30; lastKnownFileType = sourcecode.c.h; name = ofApp.h; path = src/ofApp.h; sourceTree = SOURCE_ROOT; };
		E4B6FCAD0C3E899E008CF71C /* openFrameworks-Info.plist */ = {isa = PBXFileReference; fileEncoding = 30; lastKnownFileType = text.plist.xml; path = "openFrameworks-Info.plist"; sourceTree = "<group>"; };
		E4EB691F138AFCF100A09F29 /* CoreOF.xcconfig */ = {isa = PBXFileReference; fileEncoding = 4; lastKnownFileType = text.xcconfig; name = CoreOF.xcconfig; path = ../../../libs/openFrameworksCompiled/project/osx/CoreOF.xcconfig; sourceTree = SOURCE_ROOT; };
		E4EB6923138AFD0F00A09F29 /* Project.xcconfig */ = {isa = PBXFileReference; fileEncoding = 4; lastKnownFileType = text.xcconfig; path = Project.xcconfig; sourceTree = "<group>"; };
/* End PBXFileReference section */

/* Begin PBXFrameworksBuildPhase section */
		E4B69B590A3A1756003C02F2 /* Frameworks */ = {
			isa = PBXFrameworksBuildPhase;
			buildActionMask = 2147483647;
			files = (
				E4328149138ABC9F0047C5CB /* openFrameworksDebug.a in Frameworks */,
			);
			runOnlyForDeploymentPostprocessing = 0;
		};
/* End PBXFrameworksBuildPhase section */

/* Begin PBXGroup section */
		6948EE371B920CB800B5AC1A /* local_addons */ = {
			isa = PBXGroup;
			children = (
			);
			name = local_addons;
			sourceTree = "<group>";
		};
		6E3D37621BEB813000A6F561 /* Tile */ = {
			isa = PBXGroup;
			children = (
				6E3D37651BEB81AA00A6F561 /* Tile.h */,
				6E3D37641BEB81AA00A6F561 /* Tile.cpp */,
				6E3D376A1BEBA65800A6F561 /* Platform */,
				6E3D376E1BED7CDC00A6F561 /* Fire */,
			);
			name = Tile;
			sourceTree = "<group>";
		};
		6E3D37631BEB814800A6F561 /* Weapon */ = {
			isa = PBXGroup;
			children = (
				6E3D37681BEB81BD00A6F561 /* Weapon.h */,
				6E3D37671BEB81BD00A6F561 /* Weapon.cpp */,
				6E92F46C1C05060C000104FB /* BulletType */,
				6E92F46D1C050612000104FB /* ExplosiveType */,
				6E92F46E1C05061B000104FB /* LaserType */,
			);
			name = Weapon;
			sourceTree = "<group>";
		};
		6E3D376A1BEBA65800A6F561 /* Platform */ = {
			isa = PBXGroup;
			children = (
				6E3D376C1BEBA67600A6F561 /* Platform.h */,
				6E3D376B1BEBA67600A6F561 /* Platform.cpp */,
			);
			name = Platform;
			sourceTree = "<group>";
		};
		6E3D376E1BED7CDC00A6F561 /* Fire */ = {
			isa = PBXGroup;
			children = (
				6E3D37701BED7CF800A6F561 /* Fire.h */,
				6E3D376F1BED7CF800A6F561 /* Fire.cpp */,
			);
			name = Fire;
			sourceTree = "<group>";
		};
		6E92F4691C0505F0000104FB /* Pistol */ = {
			isa = PBXGroup;
			children = (
				6E92F4731C050670000104FB /* Pistol.h */,
				6E92F4721C050670000104FB /* Pistol.cpp */,
			);
			name = Pistol;
			sourceTree = "<group>";
		};
		6E92F46A1C0505F8000104FB /* Rocket */ = {
			isa = PBXGroup;
			children = (
				6E92F47C1C0506E6000104FB /* Rocket.h */,
				6E92F47B1C0506E6000104FB /* Rocket.cpp */,
			);
			name = Rocket;
			sourceTree = "<group>";
		};
		6E92F46B1C050605000104FB /* Shotgun */ = {
			isa = PBXGroup;
			children = (
				6E92F4761C050687000104FB /* Shotgun.h */,
				6E92F4751C050687000104FB /* Shotgun.cpp */,
			);
			name = Shotgun;
			sourceTree = "<group>";
		};
		6E92F46C1C05060C000104FB /* BulletType */ = {
			isa = PBXGroup;
			children = (
				6E92F4701C050656000104FB /* BulletType.h */,
				6E92F46F1C050656000104FB /* BulletType.cpp */,
				6E92F4691C0505F0000104FB /* Pistol */,
				6ECCBA971C08866B0012AA69 /* MachineGun */,
				6E92F46B1C050605000104FB /* Shotgun */,
			);
			name = BulletType;
			sourceTree = "<group>";
		};
		6E92F46D1C050612000104FB /* ExplosiveType */ = {
			isa = PBXGroup;
			children = (
				6E92F4791C0506BB000104FB /* ExplosiveType.h */,
				6E92F4781C0506BB000104FB /* ExplosiveType.cpp */,
				6E92F46A1C0505F8000104FB /* Rocket */,
			);
			name = ExplosiveType;
			sourceTree = "<group>";
		};
		6E92F46E1C05061B000104FB /* LaserType */ = {
			isa = PBXGroup;
			children = (
			);
			name = LaserType;
			sourceTree = "<group>";
		};
		6E92F47E1C050784000104FB /* Bullet */ = {
			isa = PBXGroup;
			children = (
				6E92F4821C0507D7000104FB /* Bullet.h */,
				6E92F4811C0507D7000104FB /* Bullet.cpp */,
			);
			name = Bullet;
			sourceTree = "<group>";
		};
		6E92F47F1C050793000104FB /* Explosive */ = {
			isa = PBXGroup;
			children = (
				6E92F4851C0507F2000104FB /* Explosive.h */,
				6E92F4841C0507F2000104FB /* Explosive.cpp */,
			);
			name = Explosive;
			sourceTree = "<group>";
		};
		6E92F4801C05079B000104FB /* Laser */ = {
			isa = PBXGroup;
			children = (
				6E92F4881C050805000104FB /* Laser.h */,
				6E92F4871C050805000104FB /* Laser.cpp */,
			);
			name = Laser;
			sourceTree = "<group>";
		};
		6EA0AD231BE96C1D005CF401 /* Sprite */ = {
			isa = PBXGroup;
			children = (
				6E3D374B1BEA708B00A6F561 /* Sprite.h */,
				6E3D374A1BEA708B00A6F561 /* Sprite.cpp */,
			);
			name = Sprite;
			sourceTree = "<group>";
		};
		6EA0AD301BE96E60005CF401 /* Projectile */ = {
			isa = PBXGroup;
			children = (
				6E3D375D1BEA70F000A6F561 /* Projectile.h */,
				6E3D375C1BEA70F000A6F561 /* Projectile.cpp */,
				6E92F4801C05079B000104FB /* Laser */,
				6E92F47F1C050793000104FB /* Explosive */,
				6E92F47E1C050784000104FB /* Bullet */,
			);
			name = Projectile;
			sourceTree = "<group>";
		};
		6EAA7F2A1C0B883E000A870B /* Drone */ = {
			isa = PBXGroup;
			children = (
				6EAA7F2D1C0B8866000A870B /* Drone.h */,
				6EAA7F2C1C0B8866000A870B /* Drone.cpp */,
			);
			name = Drone;
			sourceTree = "<group>";
		};
		6EAA7F2B1C0B8842000A870B /* Tank */ = {
			isa = PBXGroup;
			children = (
				6EAA7F301C0B887A000A870B /* Tank.h */,
				6EAA7F2F1C0B887A000A870B /* Tank.cpp */,
			);
			name = Tank;
			sourceTree = "<group>";
		};
		6EAA7F321C0CB900000A870B /* Button */ = {
			isa = PBXGroup;
			children = (
				6EAA7F341C0CB90D000A870B /* Button.h */,
				6EAA7F331C0CB90D000A870B /* Button.cpp */,
			);
			name = Button;
			sourceTree = "<group>";
		};
		6ECCBA971C08866B0012AA69 /* MachineGun */ = {
			isa = PBXGroup;
			children = (
				6ECCBA991C08868A0012AA69 /* MachineGun.h */,
				6ECCBA981C08868A0012AA69 /* MachineGun.cpp */,
			);
			name = MachineGun;
			sourceTree = "<group>";
		};
		6ED8D1651BE8ED79007C4A23 /* Entities */ = {
			isa = PBXGroup;
			children = (
				6E3D37511BEA70B000A6F561 /* Entity.h */,
				6E3D37501BEA70B000A6F561 /* Entity.cpp */,
				6ED8D1681BE8EDAE007C4A23 /* Player */,
				6ED8D1671BE8EDA9007C4A23 /* Pickups */,
				6ED8D1661BE8EDA1007C4A23 /* Enemies */,
				6EA0AD301BE96E60005CF401 /* Projectile */,
			);
			name = Entities;
			sourceTree = "<group>";
		};
		6ED8D1661BE8EDA1007C4A23 /* Enemies */ = {
			isa = PBXGroup;
			children = (
				6E3D375A1BEA70E400A6F561 /* Enemy.h */,
				6E3D37591BEA70E400A6F561 /* Enemy.cpp */,
				6EAA7F2B1C0B8842000A870B /* Tank */,
				6EAA7F2A1C0B883E000A870B /* Drone */,
			);
			name = Enemies;
			sourceTree = "<group>";
		};
		6ED8D1671BE8EDA9007C4A23 /* Pickups */ = {
			isa = PBXGroup;
			children = (
				6E3D37571BEA70D600A6F561 /* Pickup.h */,
				6E3D37561BEA70D600A6F561 /* Pickup.cpp */,
			);
			name = Pickups;
			sourceTree = "<group>";
		};
		6ED8D1681BE8EDAE007C4A23 /* Player */ = {
			isa = PBXGroup;
			children = (
				6E3D37541BEA70C800A6F561 /* Player.h */,
				6E3D37531BEA70C800A6F561 /* Player.cpp */,
			);
			name = Player;
			sourceTree = "<group>";
		};
		6ED8D1691BE9291F007C4A23 /* GameObject */ = {
			isa = PBXGroup;
			children = (
				6E3D374E1BEA70A300A6F561 /* GameObject.h */,
				6E3D374D1BEA70A300A6F561 /* GameObject.cpp */,
				6ED8D1651BE8ED79007C4A23 /* Entities */,
				6E3D37621BEB813000A6F561 /* Tile */,
				6E3D37631BEB814800A6F561 /* Weapon */,
			);
			name = GameObject;
			sourceTree = "<group>";
		};
		6EE40EED1BF8BB4000DE5FD7 /* Level */ = {
			isa = PBXGroup;
			children = (
				6EE40EEF1BF8BB6700DE5FD7 /* Level.h */,
				6EE40EEE1BF8BB6700DE5FD7 /* Level.cpp */,
			);
			name = Level;
			sourceTree = "<group>";
		};
		BB4B014C10F69532006C3DED /* addons */ = {
			isa = PBXGroup;
			children = (
			);
			name = addons;
			sourceTree = "<group>";
		};
		E4328144138ABC890047C5CB /* Products */ = {
			isa = PBXGroup;
			children = (
				E4328148138ABC890047C5CB /* openFrameworksDebug.a */,
			);
			name = Products;
			sourceTree = "<group>";
		};
		E4B69B4A0A3A1720003C02F2 = {
			isa = PBXGroup;
			children = (
				E4B6FCAD0C3E899E008CF71C /* openFrameworks-Info.plist */,
				E4EB6923138AFD0F00A09F29 /* Project.xcconfig */,
				E4B69E1C0A3A1BDC003C02F2 /* src */,
				E4EEC9E9138DF44700A80321 /* openFrameworks */,
				BB4B014C10F69532006C3DED /* addons */,
				6948EE371B920CB800B5AC1A /* local_addons */,
				E4B69B5B0A3A1756003C02F2 /* UltraCrateBoxDebug.app */,
			);
			sourceTree = "<group>";
		};
		E4B69E1C0A3A1BDC003C02F2 /* src */ = {
			isa = PBXGroup;
			children = (
				6EAA7F321C0CB900000A870B /* Button */,
				6EE40EED1BF8BB4000DE5FD7 /* Level */,
				6EA0AD231BE96C1D005CF401 /* Sprite */,
				6ED8D1691BE9291F007C4A23 /* GameObject */,
				E4B69E1D0A3A1BDC003C02F2 /* main.cpp */,
				E4B69E1F0A3A1BDC003C02F2 /* ofApp.h */,
				E4B69E1E0A3A1BDC003C02F2 /* ofApp.cpp */,
			);
			path = src;
			sourceTree = SOURCE_ROOT;
		};
		E4EEC9E9138DF44700A80321 /* openFrameworks */ = {
			isa = PBXGroup;
			children = (
				E4EB691F138AFCF100A09F29 /* CoreOF.xcconfig */,
				E4328143138ABC890047C5CB /* openFrameworksLib.xcodeproj */,
			);
			name = openFrameworks;
			sourceTree = "<group>";
		};
/* End PBXGroup section */

/* Begin PBXNativeTarget section */
		E4B69B5A0A3A1756003C02F2 /* UltraCrateBox */ = {
			isa = PBXNativeTarget;
			buildConfigurationList = E4B69B5F0A3A1757003C02F2 /* Build configuration list for PBXNativeTarget "UltraCrateBox" */;
			buildPhases = (
				E4B69B580A3A1756003C02F2 /* Sources */,
				E4B69B590A3A1756003C02F2 /* Frameworks */,
				E4B6FFFD0C3F9AB9008CF71C /* ShellScript */,
				E4C2427710CC5ABF004149E2 /* CopyFiles */,
			);
			buildRules = (
			);
			dependencies = (
				E4EEB9AC138B136A00A80321 /* PBXTargetDependency */,
			);
			name = UltraCrateBox;
			productName = myOFApp;
			productReference = E4B69B5B0A3A1756003C02F2 /* UltraCrateBoxDebug.app */;
			productType = "com.apple.product-type.application";
		};
/* End PBXNativeTarget section */

/* Begin PBXProject section */
		E4B69B4C0A3A1720003C02F2 /* Project object */ = {
			isa = PBXProject;
			attributes = {
				LastUpgradeCheck = 0600;
			};
			buildConfigurationList = E4B69B4D0A3A1720003C02F2 /* Build configuration list for PBXProject "UltraCrateBox" */;
			compatibilityVersion = "Xcode 3.2";
			developmentRegion = English;
			hasScannedForEncodings = 0;
			knownRegions = (
				English,
				Japanese,
				French,
				German,
			);
			mainGroup = E4B69B4A0A3A1720003C02F2;
			productRefGroup = E4B69B4A0A3A1720003C02F2;
			projectDirPath = "";
			projectReferences = (
				{
					ProductGroup = E4328144138ABC890047C5CB /* Products */;
					ProjectRef = E4328143138ABC890047C5CB /* openFrameworksLib.xcodeproj */;
				},
			);
			projectRoot = "";
			targets = (
				E4B69B5A0A3A1756003C02F2 /* UltraCrateBox */,
			);
		};
/* End PBXProject section */

/* Begin PBXReferenceProxy section */
		E4328148138ABC890047C5CB /* openFrameworksDebug.a */ = {
			isa = PBXReferenceProxy;
			fileType = archive.ar;
			path = openFrameworksDebug.a;
			remoteRef = E4328147138ABC890047C5CB /* PBXContainerItemProxy */;
			sourceTree = BUILT_PRODUCTS_DIR;
		};
/* End PBXReferenceProxy section */

/* Begin PBXShellScriptBuildPhase section */
		E4B6FFFD0C3F9AB9008CF71C /* ShellScript */ = {
			isa = PBXShellScriptBuildPhase;
			buildActionMask = 2147483647;
			files = (
			);
			inputPaths = (
			);
			outputPaths = (
			);
			runOnlyForDeploymentPostprocessing = 0;
			shellPath = /bin/sh;
			shellScript = "rsync -aved ../../../libs/fmodex/lib/osx/libfmodex.dylib \"$TARGET_BUILD_DIR/$PRODUCT_NAME.app/Contents/MacOS/\"; install_name_tool -change ./libfmodex.dylib @executable_path/libfmodex.dylib \"$TARGET_BUILD_DIR/$PRODUCT_NAME.app/Contents/MacOS/$PRODUCT_NAME\";\nmkdir -p \"$TARGET_BUILD_DIR/$PRODUCT_NAME.app/Contents/Resources/\"\nrsync -aved \"$ICON_FILE\" \"$TARGET_BUILD_DIR/$PRODUCT_NAME.app/Contents/Resources/\"\nrsync -aved ../../../libs/glut/lib/osx/GLUT.framework \"$TARGET_BUILD_DIR/$PRODUCT_NAME.app/Contents/Frameworks/\"\n";
		};
/* End PBXShellScriptBuildPhase section */

/* Begin PBXSourcesBuildPhase section */
		E4B69B580A3A1756003C02F2 /* Sources */ = {
			isa = PBXSourcesBuildPhase;
			buildActionMask = 2147483647;
			files = (
				6E3D375B1BEA70E400A6F561 /* Enemy.cpp in Sources */,
				6E3D374F1BEA70A300A6F561 /* GameObject.cpp in Sources */,
				6EAA7F2E1C0B8866000A870B /* Drone.cpp in Sources */,
				6E92F4771C050687000104FB /* Shotgun.cpp in Sources */,
				6EAA7F311C0B887A000A870B /* Tank.cpp in Sources */,
				E4B69E200A3A1BDC003C02F2 /* main.cpp in Sources */,
				6E92F4741C050670000104FB /* Pistol.cpp in Sources */,
				6E3D37551BEA70C800A6F561 /* Player.cpp in Sources */,
				E4B69E210A3A1BDC003C02F2 /* ofApp.cpp in Sources */,
				6EE40EF01BF8BB6700DE5FD7 /* Level.cpp in Sources */,
				6E3D375E1BEA70F000A6F561 /* Projectile.cpp in Sources */,
				6E3D374C1BEA708B00A6F561 /* Sprite.cpp in Sources */,
				6E3D37691BEB81BD00A6F561 /* Weapon.cpp in Sources */,
				6E92F4711C050656000104FB /* BulletType.cpp in Sources */,
				6E3D37521BEA70B000A6F561 /* Entity.cpp in Sources */,
				6E92F47A1C0506BB000104FB /* ExplosiveType.cpp in Sources */,
				6E3D37581BEA70D600A6F561 /* Pickup.cpp in Sources */,
				6E92F47D1C0506E6000104FB /* Rocket.cpp in Sources */,
				6E92F4831C0507D7000104FB /* Bullet.cpp in Sources */,
				6E3D376D1BEBA67600A6F561 /* Platform.cpp in Sources */,
				6E3D37711BED7CF800A6F561 /* Fire.cpp in Sources */,
				6EAA7F351C0CB90D000A870B /* Button.cpp in Sources */,
				6E3D37661BEB81AA00A6F561 /* Tile.cpp in Sources */,
				6E92F4861C0507F2000104FB /* Explosive.cpp in Sources */,
				6ECCBA9A1C08868A0012AA69 /* MachineGun.cpp in Sources */,
				6E92F4891C050805000104FB /* Laser.cpp in Sources */,
			);
			runOnlyForDeploymentPostprocessing = 0;
		};
/* End PBXSourcesBuildPhase section */

/* Begin PBXTargetDependency section */
		E4EEB9AC138B136A00A80321 /* PBXTargetDependency */ = {
			isa = PBXTargetDependency;
			name = openFrameworks;
			targetProxy = E4EEB9AB138B136A00A80321 /* PBXContainerItemProxy */;
		};
/* End PBXTargetDependency section */

/* Begin XCBuildConfiguration section */
		E4B69B4E0A3A1720003C02F2 /* Debug */ = {
			isa = XCBuildConfiguration;
			baseConfigurationReference = E4EB6923138AFD0F00A09F29 /* Project.xcconfig */;
			buildSettings = {
				CONFIGURATION_BUILD_DIR = "$(SRCROOT)/bin/";
				COPY_PHASE_STRIP = NO;
				DEAD_CODE_STRIPPING = YES;
				GCC_AUTO_VECTORIZATION = YES;
				GCC_ENABLE_SSE3_EXTENSIONS = YES;
				GCC_ENABLE_SUPPLEMENTAL_SSE3_INSTRUCTIONS = YES;
				GCC_INLINES_ARE_PRIVATE_EXTERN = NO;
				GCC_OPTIMIZATION_LEVEL = 0;
				GCC_SYMBOLS_PRIVATE_EXTERN = NO;
				GCC_WARN_ABOUT_DEPRECATED_FUNCTIONS = YES;
				GCC_WARN_ABOUT_INVALID_OFFSETOF_MACRO = NO;
				GCC_WARN_ALLOW_INCOMPLETE_PROTOCOL = NO;
				GCC_WARN_UNINITIALIZED_AUTOS = NO;
				GCC_WARN_UNUSED_VALUE = NO;
				GCC_WARN_UNUSED_VARIABLE = NO;
				MACOSX_DEPLOYMENT_TARGET = 10.8;
				ONLY_ACTIVE_ARCH = YES;
				OTHER_CPLUSPLUSFLAGS = (
					"-D__MACOSX_CORE__",
					"-mtune=native",
				);
				SDKROOT = macosx;
			};
			name = Debug;
		};
		E4B69B4F0A3A1720003C02F2 /* Release */ = {
			isa = XCBuildConfiguration;
			baseConfigurationReference = E4EB6923138AFD0F00A09F29 /* Project.xcconfig */;
			buildSettings = {
				CONFIGURATION_BUILD_DIR = "$(SRCROOT)/bin/";
				COPY_PHASE_STRIP = YES;
				DEAD_CODE_STRIPPING = YES;
				GCC_AUTO_VECTORIZATION = YES;
				GCC_ENABLE_SSE3_EXTENSIONS = YES;
				GCC_ENABLE_SUPPLEMENTAL_SSE3_INSTRUCTIONS = YES;
				GCC_INLINES_ARE_PRIVATE_EXTERN = NO;
				GCC_OPTIMIZATION_LEVEL = 3;
				GCC_SYMBOLS_PRIVATE_EXTERN = NO;
				GCC_UNROLL_LOOPS = YES;
				GCC_WARN_ABOUT_DEPRECATED_FUNCTIONS = YES;
				GCC_WARN_ABOUT_INVALID_OFFSETOF_MACRO = NO;
				GCC_WARN_ALLOW_INCOMPLETE_PROTOCOL = NO;
				GCC_WARN_UNINITIALIZED_AUTOS = NO;
				GCC_WARN_UNUSED_VALUE = NO;
				GCC_WARN_UNUSED_VARIABLE = NO;
				MACOSX_DEPLOYMENT_TARGET = 10.8;
				OTHER_CPLUSPLUSFLAGS = (
					"-D__MACOSX_CORE__",
					"-mtune=native",
				);
				SDKROOT = macosx;
			};
			name = Release;
		};
		E4B69B600A3A1757003C02F2 /* Debug */ = {
			isa = XCBuildConfiguration;
			baseConfigurationReference = E4EB6923138AFD0F00A09F29 /* Project.xcconfig */;
			buildSettings = {
				COMBINE_HIDPI_IMAGES = YES;
				COPY_PHASE_STRIP = NO;
				FRAMEWORK_SEARCH_PATHS = (
					"$(inherited)",
					"$(FRAMEWORK_SEARCH_PATHS_QUOTED_FOR_TARGET_1)",
				);
				FRAMEWORK_SEARCH_PATHS_QUOTED_FOR_TARGET_1 = "\"$(SRCROOT)/../../../libs/glut/lib/osx\"";
				GCC_DYNAMIC_NO_PIC = NO;
				GCC_GENERATE_DEBUGGING_SYMBOLS = YES;
				GCC_MODEL_TUNING = NONE;
				ICON = "$(ICON_NAME_DEBUG)";
				ICON_FILE = "$(ICON_FILE_PATH)$(ICON)";
				INFOPLIST_FILE = "openFrameworks-Info.plist";
				INSTALL_PATH = "$(HOME)/Applications";
				LIBRARY_SEARCH_PATHS = (
					"$(inherited)",
					"\"$(SRCROOT)/src/GameObject\"/**",
					"\"$(SRCROOT)/src/Button\"/**",
					"\"$(SRCROOT)/src/Level\"/**",
					"\"$(SRCROOT)/src/Sprite\"/**",
					"/Users/MatthewClark/Documents/University/Goldsmiths/Year2/c++/openFrameworks/apps/myApps/UltraCrateBox/bin/data/sprites/**",
				);
				PRODUCT_NAME = "$(TARGET_NAME)Debug";
				WRAPPER_EXTENSION = app;
			};
			name = Debug;
		};
		E4B69B610A3A1757003C02F2 /* Release */ = {
			isa = XCBuildConfiguration;
			baseConfigurationReference = E4EB6923138AFD0F00A09F29 /* Project.xcconfig */;
			buildSettings = {
				COMBINE_HIDPI_IMAGES = YES;
				COPY_PHASE_STRIP = YES;
				FRAMEWORK_SEARCH_PATHS = (
					"$(inherited)",
					"$(FRAMEWORK_SEARCH_PATHS_QUOTED_FOR_TARGET_1)",
				);
				FRAMEWORK_SEARCH_PATHS_QUOTED_FOR_TARGET_1 = "\"$(SRCROOT)/../../../libs/glut/lib/osx\"";
				GCC_GENERATE_DEBUGGING_SYMBOLS = YES;
				GCC_MODEL_TUNING = NONE;
				ICON = "$(ICON_NAME_RELEASE)";
				ICON_FILE = "$(ICON_FILE_PATH)$(ICON)";
				INFOPLIST_FILE = "openFrameworks-Info.plist";
				INSTALL_PATH = "$(HOME)/Applications";
				LIBRARY_SEARCH_PATHS = "$(inherited)";
				PRODUCT_NAME = "$(TARGET_NAME)";
				WRAPPER_EXTENSION = app;
				baseConfigurationReference = E4EB6923138AFD0F00A09F29;
			};
			name = Release;
		};
/* End XCBuildConfiguration section */

/* Begin XCConfigurationList section */
		E4B69B4D0A3A1720003C02F2 /* Build configuration list for PBXProject "UltraCrateBox" */ = {
			isa = XCConfigurationList;
			buildConfigurations = (
				E4B69B4E0A3A1720003C02F2 /* Debug */,
				E4B69B4F0A3A1720003C02F2 /* Release */,
			);
			defaultConfigurationIsVisible = 0;
			defaultConfigurationName = Release;
		};
		E4B69B5F0A3A1757003C02F2 /* Build configuration list for PBXNativeTarget "UltraCrateBox" */ = {
			isa = XCConfigurationList;
			buildConfigurations = (
				E4B69B600A3A1757003C02F2 /* Debug */,
				E4B69B610A3A1757003C02F2 /* Release */,
			);
			defaultConfigurationIsVisible = 0;
			defaultConfigurationName = Release;
		};
/* End XCConfigurationList section */
	};
	rootObject = E4B69B4C0A3A1720003C02F2 /* Project object */;
}
